
Microsoft Visual Studio Solution File, Format Version 12.00
# Visual Studio 15
VisualStudioVersion = 15.0.27130.2027
MinimumVisualStudioVersion = 10.0.40219.1
Project("{FAE04EC0-301F-11D3-BF4B-00C04F79EFBC}") = "PortfolioASP.NET", "PortfolioASP.NET\PortfolioASP.NET.csproj", "{405A4656-9014-4A82-BF4A-A28A98662485}"
EndProject
Global
	GlobalSection(SolutionConfigurationPlatforms) = preSolution
		Debug|Any CPU = Debug|Any CPU
		Release|Any CPU = Release|Any CPU
	EndGlobalSection
	GlobalSection(ProjectConfigurationPlatforms) = postSolution
		{405A4656-9014-4A82-BF4A-A28A98662485}.Debug|Any CPU.ActiveCfg = Debug|Any CPU
		{405A4656-9014-4A82-BF4A-A28A98662485}.Debug|Any CPU.Build.0 = Debug|Any CPU
		{405A4656-9014-4A82-BF4A-A28A98662485}.Release|Any CPU.ActiveCfg = Release|Any CPU
		{405A4656-9014-4A82-BF4A-A28A98662485}.Release|Any CPU.Build.0 = Release|Any CPU
	EndGlobalSection
	GlobalSection(SolutionProperties) = preSolution
		HideSolutionNode = FALSE
	EndGlobalSection
	GlobalSection(ExtensibilityGlobals) = postSolution
		SolutionGuid = {0542A6A4-57C1-48BA-B3E0-8ABD0D4AB014}
	EndGlobalSection
EndGlobal
